// !$*UTF8*$!
{
	archiveVersion = 1;
	classes = {
	};
	objectVersion = 56;
	objects = {

/* Begin PBXBuildFile section */
		100000000000000000000001 /* HippocratesApp.swift in Sources */ = {isa = PBXBuildFile; fileRef = 200000000000000000000001 /* HippocratesApp.swift */; };
		100000000000000000000002 /* RootView.swift in Sources */ = {isa = PBXBuildFile; fileRef = 200000000000000000000002 /* RootView.swift */; };
		100000000000000000000003 /* DomainEnums.swift in Sources */ = {isa = PBXBuildFile; fileRef = 200000000000000000000003 /* DomainEnums.swift */; };
		100000000000000000000004 /* SchemaV1.swift in Sources */ = {isa = PBXBuildFile; fileRef = 200000000000000000000004 /* SchemaV1.swift */; };
		100000000000000000000005 /* HippocratesMigrationPlan.swift in Sources */ = {isa = PBXBuildFile; fileRef = 200000000000000000000005 /* HippocratesMigrationPlan.swift */; };
		100000000000000000000006 /* HippocratesStore.swift in Sources */ = {isa = PBXBuildFile; fileRef = 200000000000000000000006 /* HippocratesStore.swift */; };
		100000000000000000000007 /* BackupArchive.swift in Sources */ = {isa = PBXBuildFile; fileRef = 200000000000000000000007 /* BackupArchive.swift */; };
		100000000000000000000008 /* BackupCodec.swift in Sources */ = {isa = PBXBuildFile; fileRef = 200000000000000000000008 /* BackupCodec.swift */; };
		100000000000000000000009 /* BackupService.swift in Sources */ = {isa = PBXBuildFile; fileRef = 200000000000000000000009 /* BackupService.swift */; };
		10000000000000000000000A /* BackupDocument.swift in Sources */ = {isa = PBXBuildFile; fileRef = 20000000000000000000000A /* BackupDocument.swift */; };
		10000000000000000000000B /* PrivacyInfo.xcprivacy in Resources */ = {isa = PBXBuildFile; fileRef = 20000000000000000000000B /* PrivacyInfo.xcprivacy */; };
		10000000000000000000000C /* SchemaContractTests.swift in Sources */ = {isa = PBXBuildFile; fileRef = 20000000000000000000000C /* SchemaContractTests.swift */; };
		10000000000000000000000D /* BackupRoundTripTests.swift in Sources */ = {isa = PBXBuildFile; fileRef = 20000000000000000000000D /* BackupRoundTripTests.swift */; };
		10000000000000000000000E /* PrivacyManifestTests.swift in Sources */ = {isa = PBXBuildFile; fileRef = 20000000000000000000000E /* PrivacyManifestTests.swift */; };
/* End PBXBuildFile section */

/* Begin PBXContainerItemProxy section */
		900000000000000000000001 /* PBXContainerItemProxy */ = {
			isa = PBXContainerItemProxy;
			containerPortal = 600000000000000000000001 /* Project object */;
			proxyType = 1;
			remoteGlobalIDString = 500000000000000000000001;
			remoteInfo = Hippocrates;
		};
/* End PBXContainerItemProxy section */

/* Begin PBXFileReference section */
		200000000000000000000001 /* HippocratesApp.swift */ = {isa = PBXFileReference; lastKnownFileType = sourcecode.swift; path = HippocratesApp.swift; sourceTree = "<group>"; };
		200000000000000000000002 /* RootView.swift */ = {isa = PBXFileReference; lastKnownFileType = sourcecode.swift; path = RootView.swift; sourceTree = "<group>"; };
		200000000000000000000003 /* DomainEnums.swift */ = {isa = PBXFileReference; lastKnownFileType = sourcecode.swift; path = DomainEnums.swift; sourceTree = "<group>"; };
		200000000000000000000004 /* SchemaV1.swift */ = {isa = PBXFileReference; lastKnownFileType = sourcecode.swift; path = SchemaV1.swift; sourceTree = "<group>"; };
		200000000000000000000005 /* HippocratesMigrationPlan.swift */ = {isa = PBXFileReference; lastKnownFileType = sourcecode.swift; path = HippocratesMigrationPlan.swift; sourceTree = "<group>"; };
		200000000000000000000006 /* HippocratesStore.swift */ = {isa = PBXFileReference; lastKnownFileType = sourcecode.swift; path = HippocratesStore.swift; sourceTree = "<group>"; };
		200000000000000000000007 /* BackupArchive.swift */ = {isa = PBXFileReference; lastKnownFileType = sourcecode.swift; path = BackupArchive.swift; sourceTree = "<group>"; };
		200000000000000000000008 /* BackupCodec.swift */ = {isa = PBXFileReference; lastKnownFileType = sourcecode.swift; path = BackupCodec.swift; sourceTree = "<group>"; };
		200000000000000000000009 /* BackupService.swift */ = {isa = PBXFileReference; lastKnownFileType = sourcecode.swift; path = BackupService.swift; sourceTree = "<group>"; };
		20000000000000000000000A /* BackupDocument.swift */ = {isa = PBXFileReference; lastKnownFileType = sourcecode.swift; path = BackupDocument.swift; sourceTree = "<group>"; };
		20000000000000000000000B /* PrivacyInfo.xcprivacy */ = {isa = PBXFileReference; lastKnownFileType = text.xml; path = PrivacyInfo.xcprivacy; sourceTree = "<group>"; };
		20000000000000000000000C /* SchemaContractTests.swift */ = {isa = PBXFileReference; lastKnownFileType = sourcecode.swift; path = SchemaContractTests.swift; sourceTree = "<group>"; };
		20000000000000000000000D /* BackupRoundTripTests.swift */ = {isa = PBXFileReference; lastKnownFileType = sourcecode.swift; path = BackupRoundTripTests.swift; sourceTree = "<group>"; };
		20000000000000000000000E /* PrivacyManifestTests.swift */ = {isa = PBXFileReference; lastKnownFileType = sourcecode.swift; path = PrivacyManifestTests.swift; sourceTree = "<group>"; };
		20000000000000000000000F /* NetworkBoundaryScanner.swift */ = {isa = PBXFileReference; lastKnownFileType = sourcecode.swift; path = NetworkBoundaryScanner.swift; sourceTree = "<group>"; };
		200000000000000000000010 /* Hippocrates.app */ = {isa = PBXFileReference; explicitFileType = wrapper.application; includeInIndex = 0; path = Hippocrates.app; sourceTree = BUILT_PRODUCTS_DIR; };
		200000000000000000000011 /* HippocratesTests.xctest */ = {isa = PBXFileReference; explicitFileType = wrapper.cfbundle; includeInIndex = 0; path = HippocratesTests.xctest; sourceTree = BUILT_PRODUCTS_DIR; };
/* End PBXFileReference section */

/* Begin PBXFrameworksBuildPhase section */
		400000000000000000000003 /* Frameworks */ = {
			isa = PBXFrameworksBuildPhase;
			buildActionMask = 2147483647;
			files = (
			);
			runOnlyForDeploymentPostprocessing = 0;
		};
		400000000000000000000006 /* Frameworks */ = {
			isa = PBXFrameworksBuildPhase;
			buildActionMask = 2147483647;
			files = (
			);
			runOnlyForDeploymentPostprocessing = 0;
		};
/* End PBXFrameworksBuildPhase section */

/* Begin PBXGroup section */
		300000000000000000000001 = {
			isa = PBXGroup;
			children = (
				300000000000000000000002 /* Hippocrates */,
				300000000000000000000008 /* HippocratesTests */,
				300000000000000000000009 /* Scripts */,
				30000000000000000000000A /* Products */,
			);
			sourceTree = "<group>";
		};
		300000000000000000000002 /* Hippocrates */ = {
			isa = PBXGroup;
			children = (
				300000000000000000000003 /* App */,
				300000000000000000000004 /* Models */,
				300000000000000000000005 /* Persistence */,
				300000000000000000000006 /* Backup */,
				300000000000000000000007 /* Resources */,
			);
			path = Hippocrates;
			sourceTree = "<group>";
		};
		300000000000000000000003 /* App */ = {
			isa = PBXGroup;
			children = (
				200000000000000000000001 /* HippocratesApp.swift */,
				200000000000000000000002 /* RootView.swift */,
			);
			path = App;
			sourceTree = "<group>";
		};
		300000000000000000000004 /* Models */ = {
			isa = PBXGroup;
			children = (
				200000000000000000000003 /* DomainEnums.swift */,
			);
			path = Models;
			sourceTree = "<group>";
		};
		300000000000000000000005 /* Persistence */ = {
			isa = PBXGroup;
			children = (
				200000000000000000000004 /* SchemaV1.swift */,
				200000000000000000000005 /* HippocratesMigrationPlan.swift */,
				200000000000000000000006 /* HippocratesStore.swift */,
			);
			path = Persistence;
			sourceTree = "<group>";
		};
		300000000000000000000006 /* Backup */ = {
			isa = PBXGroup;
			children = (
				200000000000000000000007 /* BackupArchive.swift */,
				200000000000000000000008 /* BackupCodec.swift */,
				200000000000000000000009 /* BackupService.swift */,
				20000000000000000000000A /* BackupDocument.swift */,
			);
			path = Backup;
			sourceTree = "<group>";
		};
		300000000000000000000007 /* Resources */ = {
			isa = PBXGroup;
			children = (
				20000000000000000000000B /* PrivacyInfo.xcprivacy */,
			);
			path = Resources;
			sourceTree = "<group>";
		};
		300000000000000000000008 /* HippocratesTests */ = {
			isa = PBXGroup;
			children = (
				20000000000000000000000C /* SchemaContractTests.swift */,
				20000000000000000000000D /* BackupRoundTripTests.swift */,
				20000000000000000000000E /* PrivacyManifestTests.swift */,
			);
			path = HippocratesTests;
			sourceTree = "<group>";
		};
		300000000000000000000009 /* Scripts */ = {
			isa = PBXGroup;
			children = (
				20000000000000000000000F /* NetworkBoundaryScanner.swift */,
			);
			path = Scripts;
			sourceTree = "<group>";
		};
		30000000000000000000000A /* Products */ = {
			isa = PBXGroup;
			children = (
				200000000000000000000010 /* Hippocrates.app */,
				200000000000000000000011 /* HippocratesTests.xctest */,
			);
			name = Products;
			sourceTree = "<group>";
		};
/* End PBXGroup section */

/* Begin PBXNativeTarget section */
		500000000000000000000001 /* Hippocrates */ = {
			isa = PBXNativeTarget;
			buildConfigurationList = 800000000000000000000002 /* Build configuration list for PBXNativeTarget "Hippocrates" */;
			buildPhases = (
				400000000000000000000001 /* Enforce Offline Boundary */,
				400000000000000000000002 /* Sources */,
				400000000000000000000003 /* Frameworks */,
				400000000000000000000004 /* Resources */,
			);
			buildRules = (
			);
			dependencies = (
			);
			name = Hippocrates;
			productName = Hippocrates;
			productReference = 200000000000000000000010 /* Hippocrates.app */;
			productType = "com.apple.product-type.application";
		};
		500000000000000000000002 /* HippocratesTests */ = {
			isa = PBXNativeTarget;
			buildConfigurationList = 800000000000000000000003 /* Build configuration list for PBXNativeTarget "HippocratesTests" */;
			buildPhases = (
				400000000000000000000005 /* Sources */,
				400000000000000000000006 /* Frameworks */,
				400000000000000000000007 /* Resources */,
			);
			buildRules = (
			);
			dependencies = (
				900000000000000000000002 /* PBXTargetDependency */,
			);
			name = HippocratesTests;
			productName = HippocratesTests;
			productReference = 200000000000000000000011 /* HippocratesTests.xctest */;
			productType = "com.apple.product-type.bundle.unit-test";
		};
/* End PBXNativeTarget section */

/* Begin PBXProject section */
		600000000000000000000001 /* Project object */ = {
			isa = PBXProject;
			attributes = {
				BuildIndependentTargetsInParallel = 1;
				LastSwiftUpdateCheck = 1600;
				LastUpgradeCheck = 1600;
				TargetAttributes = {
					500000000000000000000001 = {
						CreatedOnToolsVersion = 16.0;
					};
					500000000000000000000002 = {
						CreatedOnToolsVersion = 16.0;
						TestTargetID = 500000000000000000000001;
					};
				};
			};
			buildConfigurationList = 800000000000000000000001 /* Build configuration list for PBXProject "Hippocrates" */;
			compatibilityVersion = "Xcode 14.0";
			developmentRegion = en;
			hasScannedForEncodings = 0;
			knownRegions = (
				en,
				Base,
			);
			mainGroup = 300000000000000000000001;
			productRefGroup = 30000000000000000000000A /* Products */;
			projectDirPath = "";
			projectRoot = "";
			targets = (
				500000000000000000000001 /* Hippocrates */,
				500000000000000000000002 /* HippocratesTests */,
			);
		};
/* End PBXProject section */

/* Begin PBXResourcesBuildPhase section */
		400000000000000000000004 /* Resources */ = {
			isa = PBXResourcesBuildPhase;
			buildActionMask = 2147483647;
			files = (
				10000000000000000000000B /* PrivacyInfo.xcprivacy in Resources */,
			);
			runOnlyForDeploymentPostprocessing = 0;
		};
		400000000000000000000007 /* Resources */ = {
			isa = PBXResourcesBuildPhase;
			buildActionMask = 2147483647;
			files = (
			);
			runOnlyForDeploymentPostprocessing = 0;
		};
/* End PBXResourcesBuildPhase section */

/* Begin PBXShellScriptBuildPhase section */
		400000000000000000000001 /* Enforce Offline Boundary */ = {
			isa = PBXShellScriptBuildPhase;
			alwaysOutOfDate = 1;
			buildActionMask = 2147483647;
			files = (
			);
			inputFileListPaths = (
			);
			inputPaths = (
				"$(SRCROOT)",
				"$(SRCROOT)/Hippocrates",
				"$(SRCROOT)/Hippocrates.xcodeproj/project.pbxproj",
				"$(SRCROOT)/Scripts/NetworkBoundaryScanner.swift",
			);
			name = "Enforce Offline Boundary";
			outputFileListPaths = (
			);
			outputPaths = (
			);
			runOnlyForDeploymentPostprocessing = 0;
			shellPath = /bin/sh;
			shellScript = "unset SDKROOT\nexec xcrun --sdk macosx swift -module-cache-path \"$TMPDIR/HippocratesBoundaryModuleCache\" \"$SRCROOT/Scripts/NetworkBoundaryScanner.swift\" --build-check \"$SRCROOT\"\n";
			showEnvVarsInLog = 0;
		};
/* End PBXShellScriptBuildPhase section */

/* Begin PBXSourcesBuildPhase section */
		400000000000000000000002 /* Sources */ = {
			isa = PBXSourcesBuildPhase;
			buildActionMask = 2147483647;
			files = (
				100000000000000000000001 /* HippocratesApp.swift in Sources */,
				100000000000000000000002 /* RootView.swift in Sources */,
				100000000000000000000003 /* DomainEnums.swift in Sources */,
				100000000000000000000004 /* SchemaV1.swift in Sources */,
				100000000000000000000005 /* HippocratesMigrationPlan.swift in Sources */,
				100000000000000000000006 /* HippocratesStore.swift in Sources */,
				100000000000000000000007 /* BackupArchive.swift in Sources */,
				100000000000000000000008 /* BackupCodec.swift in Sources */,
				100000000000000000000009 /* BackupService.swift in Sources */,
				10000000000000000000000A /* BackupDocument.swift in Sources */,
			);
			runOnlyForDeploymentPostprocessing = 0;
		};
		400000000000000000000005 /* Sources */ = {
			isa = PBXSourcesBuildPhase;
			buildActionMask = 2147483647;
			files = (
				10000000000000000000000C /* SchemaContractTests.swift in Sources */,
				10000000000000000000000D /* BackupRoundTripTests.swift in Sources */,
				10000000000000000000000E /* PrivacyManifestTests.swift in Sources */,
			);
			runOnlyForDeploymentPostprocessing = 0;
		};
/* End PBXSourcesBuildPhase section */

/* Begin PBXTargetDependency section */
		900000000000000000000002 /* PBXTargetDependency */ = {
			isa = PBXTargetDependency;
			target = 500000000000000000000001 /* Hippocrates */;
			targetProxy = 900000000000000000000001 /* PBXContainerItemProxy */;
		};
/* End PBXTargetDependency section */

/* Begin XCBuildConfiguration section */
		700000000000000000000001 /* Debug */ = {
			isa = XCBuildConfiguration;
			buildSettings = {
				ALWAYS_SEARCH_USER_PATHS = NO;
				CLANG_ANALYZER_NONNULL = YES;
				CLANG_ANALYZER_NUMBER_OBJECT_CONVERSION = YES_AGGRESSIVE;
				CLANG_CXX_LANGUAGE_STANDARD = "gnu++20";
				CLANG_ENABLE_MODULES = YES;
				CLANG_ENABLE_OBJC_ARC = YES;
				CLANG_ENABLE_OBJC_WEAK = YES;
				CLANG_WARN_BLOCK_CAPTURE_AUTORELEASING = YES;
				CLANG_WARN_BOOL_CONVERSION = YES;
				CLANG_WARN_COMMA = YES;
				CLANG_WARN_CONSTANT_CONVERSION = YES;
				CLANG_WARN_DEPRECATED_OBJC_IMPLEMENTATIONS = YES;
				CLANG_WARN_DIRECT_OBJC_ISA_USAGE = YES_ERROR;
				CLANG_WARN_DOCUMENTATION_COMMENTS = YES;
				CLANG_WARN_EMPTY_BODY = YES;
				CLANG_WARN_ENUM_CONVERSION = YES;
				CLANG_WARN_INFINITE_RECURSION = YES;
				CLANG_WARN_INT_CONVERSION = YES;
				CLANG_WARN_NON_LITERAL_NULL_CONVERSION = YES;
				CLANG_WARN_OBJC_IMPLICIT_RETAIN_SELF = YES;
				CLANG_WARN_OBJC_LITERAL_CONVERSION = YES;
				CLANG_WARN_OBJC_ROOT_CLASS = YES_ERROR;
				CLANG_WARN_QUOTED_INCLUDE_IN_FRAMEWORK_HEADER = YES;
				CLANG_WARN_RANGE_LOOP_ANALYSIS = YES;
				CLANG_WARN_STRICT_PROTOTYPES = YES;
				CLANG_WARN_SUSPICIOUS_MOVE = YES;
				CLANG_WARN_UNGUARDED_AVAILABILITY = YES_AGGRESSIVE;
				CLANG_WARN_UNREACHABLE_CODE = YES;
				CLANG_WARN__DUPLICATE_METHOD_MATCH = YES;
				COPY_PHASE_STRIP = NO;
				DEBUG_INFORMATION_FORMAT = dwarf;
				ENABLE_STRICT_OBJC_MSGSEND = YES;
				ENABLE_TESTABILITY = YES;
				ENABLE_USER_SCRIPT_SANDBOXING = YES;
				GCC_C_LANGUAGE_STANDARD = gnu17;
				GCC_NO_COMMON_BLOCKS = YES;
				GCC_OPTIMIZATION_LEVEL = 0;
				GCC_PREPROCESSOR_DEFINITIONS = (
					"DEBUG=1",
					"$(inherited)",
				);
				GCC_TREAT_WARNINGS_AS_ERRORS = YES;
				GCC_WARN_64_TO_32_BIT_CONVERSION = YES;
				GCC_WARN_ABOUT_RETURN_TYPE = YES_ERROR;
				GCC_WARN_UNDECLARED_SELECTOR = YES;
				GCC_WARN_UNINITIALIZED_AUTOS = YES_AGGRESSIVE;
				GCC_WARN_UNUSED_FUNCTION = YES;
				GCC_WARN_UNUSED_VARIABLE = YES;
				IPHONEOS_DEPLOYMENT_TARGET = 18.0;
				LOCALIZATION_PREFERS_STRING_CATALOGS = YES;
				MTL_ENABLE_DEBUG_INFO = INCLUDE_SOURCE;
				MTL_FAST_MATH = YES;
				ONLY_ACTIVE_ARCH = YES;
				SDKROOT = iphoneos;
				SWIFT_ACTIVE_COMPILATION_CONDITIONS = "DEBUG $(inherited)";
				SWIFT_OPTIMIZATION_LEVEL = "-Onone";
			};
			name = Debug;
		};
		700000000000000000000002 /* Release */ = {
			isa = XCBuildConfiguration;
			buildSettings = {
				ALWAYS_SEARCH_USER_PATHS = NO;
				CLANG_ANALYZER_NONNULL = YES;
				CLANG_ANALYZER_NUMBER_OBJECT_CONVERSION = YES_AGGRESSIVE;
				CLANG_CXX_LANGUAGE_STANDARD = "gnu++20";
				CLANG_ENABLE_MODULES = YES;
				CLANG_ENABLE_OBJC_ARC = YES;
				CLANG_ENABLE_OBJC_WEAK = YES;
				CLANG_WARN_BLOCK_CAPTURE_AUTORELEASING = YES;
				CLANG_WARN_BOOL_CONVERSION = YES;
				CLANG_WARN_COMMA = YES;
				CLANG_WARN_CONSTANT_CONVERSION = YES;
				CLANG_WARN_DEPRECATED_OBJC_IMPLEMENTATIONS = YES;
				CLANG_WARN_DIRECT_OBJC_ISA_USAGE = YES_ERROR;
				CLANG_WARN_DOCUMENTATION_COMMENTS = YES;
				CLANG_WARN_EMPTY_BODY = YES;
				CLANG_WARN_ENUM_CONVERSION = YES;
				CLANG_WARN_INFINITE_RECURSION = YES;
				CLANG_WARN_INT_CONVERSION = YES;
				CLANG_WARN_NON_LITERAL_NULL_CONVERSION = YES;
				CLANG_WARN_OBJC_IMPLICIT_RETAIN_SELF = YES;
				CLANG_WARN_OBJC_LITERAL_CONVERSION = YES;
				CLANG_WARN_OBJC_ROOT_CLASS = YES_ERROR;
				CLANG_WARN_QUOTED_INCLUDE_IN_FRAMEWORK_HEADER = YES;
				CLANG_WARN_RANGE_LOOP_ANALYSIS = YES;
				CLANG_WARN_STRICT_PROTOTYPES = YES;
				CLANG_WARN_SUSPICIOUS_MOVE = YES;
				CLANG_WARN_UNGUARDED_AVAILABILITY = YES_AGGRESSIVE;
				CLANG_WARN_UNREACHABLE_CODE = YES;
				CLANG_WARN__DUPLICATE_METHOD_MATCH = YES;
				COPY_PHASE_STRIP = NO;
				DEBUG_INFORMATION_FORMAT = "dwarf-with-dsym";
				ENABLE_NS_ASSERTIONS = NO;
				ENABLE_STRICT_OBJC_MSGSEND = YES;
				ENABLE_USER_SCRIPT_SANDBOXING = YES;
				GCC_C_LANGUAGE_STANDARD = gnu17;
				GCC_NO_COMMON_BLOCKS = YES;
				GCC_TREAT_WARNINGS_AS_ERRORS = YES;
				GCC_WARN_64_TO_32_BIT_CONVERSION = YES;
				GCC_WARN_ABOUT_RETURN_TYPE = YES_ERROR;
				GCC_WARN_UNDECLARED_SELECTOR = YES;
				GCC_WARN_UNINITIALIZED_AUTOS = YES_AGGRESSIVE;
				GCC_WARN_UNUSED_FUNCTION = YES;
				GCC_WARN_UNUSED_VARIABLE = YES;
				IPHONEOS_DEPLOYMENT_TARGET = 18.0;
				LOCALIZATION_PREFERS_STRING_CATALOGS = YES;
				MTL_ENABLE_DEBUG_INFO = NO;
				MTL_FAST_MATH = YES;
				SDKROOT = iphoneos;
				SWIFT_COMPILATION_MODE = wholemodule;
			};
			name = Release;
		};
		700000000000000000000003 /* Debug */ = {
			isa = XCBuildConfiguration;
			buildSettings = {
				CODE_SIGN_STYLE = Automatic;
				CURRENT_PROJECT_VERSION = 1;
				GENERATE_INFOPLIST_FILE = YES;
				INFOPLIST_KEY_CFBundleDisplayName = Hippocrates;
				INFOPLIST_KEY_LSApplicationCategoryType = "public.app-category.productivity";
				INFOPLIST_KEY_UIApplicationSceneManifest_Generation = YES;
				INFOPLIST_KEY_UILaunchScreen_Generation = YES;
				IPHONEOS_DEPLOYMENT_TARGET = 18.0;
				LD_RUNPATH_SEARCH_PATHS = (
					"$(inherited)",
					"@executable_path/Frameworks",
				);
				MARKETING_VERSION = 1.0;
				PRODUCT_BUNDLE_IDENTIFIER = com.ayyitskevin.hippocrates;
				PRODUCT_NAME = "$(TARGET_NAME)";
				SUPPORTED_PLATFORMS = "iphoneos iphonesimulator";
				SUPPORTS_MACCATALYST = NO;
				SWIFT_EMIT_LOC_STRINGS = YES;
				SWIFT_STRICT_CONCURRENCY = complete;
				SWIFT_TREAT_WARNINGS_AS_ERRORS = YES;
				SWIFT_VERSION = 6.0;
				TARGETED_DEVICE_FAMILY = 1;
			};
			name = Debug;
		};
		700000000000000000000004 /* Release */ = {
			isa = XCBuildConfiguration;
			buildSettings = {
				CODE_SIGN_STYLE = Automatic;
				CURRENT_PROJECT_VERSION = 1;
				GENERATE_INFOPLIST_FILE = YES;
				INFOPLIST_KEY_CFBundleDisplayName = Hippocrates;
				INFOPLIST_KEY_LSApplicationCategoryType = "public.app-category.productivity";
				INFOPLIST_KEY_UIApplicationSceneManifest_Generation = YES;
				INFOPLIST_KEY_UILaunchScreen_Generation = YES;
				IPHONEOS_DEPLOYMENT_TARGET = 18.0;
				LD_RUNPATH_SEARCH_PATHS = (
					"$(inherited)",
					"@executable_path/Frameworks",
				);
				MARKETING_VERSION = 1.0;
				PRODUCT_BUNDLE_IDENTIFIER = com.ayyitskevin.hippocrates;
				PRODUCT_NAME = "$(TARGET_NAME)";
				SUPPORTED_PLATFORMS = "iphoneos iphonesimulator";
				SUPPORTS_MACCATALYST = NO;
				SWIFT_EMIT_LOC_STRINGS = YES;
				SWIFT_STRICT_CONCURRENCY = complete;
				SWIFT_TREAT_WARNINGS_AS_ERRORS = YES;
				SWIFT_VERSION = 6.0;
				TARGETED_DEVICE_FAMILY = 1;
			};
			name = Release;
		};
		700000000000000000000005 /* Debug */ = {
			isa = XCBuildConfiguration;
			buildSettings = {
				BUNDLE_LOADER = "$(TEST_HOST)";
				CODE_SIGN_STYLE = Automatic;
				CURRENT_PROJECT_VERSION = 1;
				GENERATE_INFOPLIST_FILE = YES;
				IPHONEOS_DEPLOYMENT_TARGET = 18.0;
				MARKETING_VERSION = 1.0;
				PRODUCT_BUNDLE_IDENTIFIER = com.ayyitskevin.hippocrates.tests;
				PRODUCT_NAME = "$(TARGET_NAME)";
				SUPPORTED_PLATFORMS = "iphoneos iphonesimulator";
				SWIFT_STRICT_CONCURRENCY = complete;
				SWIFT_TREAT_WARNINGS_AS_ERRORS = YES;
				SWIFT_VERSION = 6.0;
				TARGETED_DEVICE_FAMILY = 1;
				TEST_HOST = "$(BUILT_PRODUCTS_DIR)/Hippocrates.app/$(BUNDLE_EXECUTABLE_FOLDER_PATH)/Hippocrates";
			};
			name = Debug;
		};
		700000000000000000000006 /* Release */ = {
			isa = XCBuildConfiguration;
			buildSettings = {
				BUNDLE_LOADER = "$(TEST_HOST)";
				CODE_SIGN_STYLE = Automatic;
				CURRENT_PROJECT_VERSION = 1;
				GENERATE_INFOPLIST_FILE = YES;
				IPHONEOS_DEPLOYMENT_TARGET = 18.0;
				MARKETING_VERSION = 1.0;
				PRODUCT_BUNDLE_IDENTIFIER = com.ayyitskevin.hippocrates.tests;
				PRODUCT_NAME = "$(TARGET_NAME)";
				SUPPORTED_PLATFORMS = "iphoneos iphonesimulator";
				SWIFT_STRICT_CONCURRENCY = complete;
				SWIFT_TREAT_WARNINGS_AS_ERRORS = YES;
				SWIFT_VERSION = 6.0;
				TARGETED_DEVICE_FAMILY = 1;
				TEST_HOST = "$(BUILT_PRODUCTS_DIR)/Hippocrates.app/$(BUNDLE_EXECUTABLE_FOLDER_PATH)/Hippocrates";
			};
			name = Release;
		};
/* End XCBuildConfiguration section */

/* Begin XCConfigurationList section */
		800000000000000000000001 /* Build configuration list for PBXProject "Hippocrates" */ = {
			isa = XCConfigurationList;
			buildConfigurations = (
				700000000000000000000001 /* Debug */,
				700000000000000000000002 /* Release */,
			);
			defaultConfigurationIsVisible = 0;
			defaultConfigurationName = Release;
		};
		800000000000000000000002 /* Build configuration list for PBXNativeTarget "Hippocrates" */ = {
			isa = XCConfigurationList;
			buildConfigurations = (
				700000000000000000000003 /* Debug */,
				700000000000000000000004 /* Release */,
			);
			defaultConfigurationIsVisible = 0;
			defaultConfigurationName = Release;
		};
		800000000000000000000003 /* Build configuration list for PBXNativeTarget "HippocratesTests" */ = {
			isa = XCConfigurationList;
			buildConfigurations = (
				700000000000000000000005 /* Debug */,
				700000000000000000000006 /* Release */,
			);
			defaultConfigurationIsVisible = 0;
			defaultConfigurationName = Release;
		};
/* End XCConfigurationList section */
	};
	rootObject = 600000000000000000000001 /* Project object */;
}
